<Solution>
  <Project Path="SmartInvoicePro.API/SmartInvoicePro.API.csproj" />
  <Project Path="SmartInvoicePro.Application/SmartInvoicePro.Application.csproj" />
  <Project Path="SmartInvoicePro.Domain/SmartInvoicePro.Domain.csproj" />
  <Project Path="SmartInvoicePro.Infrastructure/SmartInvoicePro.Infrastructure.csproj" />
</Solution>
